
Microsoft Visual Studio Solution File, Format Version 12.00
# Visual Studio Version 17
VisualStudioVersion = 17.12.35707.178 d17.12
MinimumVisualStudioVersion = 10.0.40219.1
Project("{FAE04EC0-301F-11D3-BF4B-00C04F79EFBC}") = "IT15-HRMS", "IT15-HRMS\IT15-HRMS.csproj", "{FA5EA222-CED6-4512-B1A0-272086A6F142}"
EndProject
Global
	GlobalSection(SolutionConfigurationPlatforms) = preSolution
		Debug|Any CPU = Debug|Any CPU
		Release|Any CPU = Release|Any CPU
	EndGlobalSection
	GlobalSection(ProjectConfigurationPlatforms) = postSolution
		{FA5EA222-CED6-4512-B1A0-272086A6F142}.Debug|Any CPU.ActiveCfg = Debug|Any CPU
		{FA5EA222-CED6-4512-B1A0-272086A6F142}.Debug|Any CPU.Build.0 = Debug|Any CPU
		{FA5EA222-CED6-4512-B1A0-272086A6F142}.Release|Any CPU.ActiveCfg = Release|Any CPU
		{FA5EA222-CED6-4512-B1A0-272086A6F142}.Release|Any CPU.Build.0 = Release|Any CPU
	EndGlobalSection
	GlobalSection(SolutionProperties) = preSolution
		HideSolutionNode = FALSE
	EndGlobalSection
EndGlobal
